
Microsoft Visual Studio Solution File, Format Version 12.00
# Visual Studio Version 16
VisualStudioVersion = 16.0.30804.86
MinimumVisualStudioVersion = 10.0.40219.1
Project("{FAE04EC0-301F-11D3-BF4B-00C04F79EFBC}") = "Joystick Camera Control", "Joystick Camera Control\Joystick Camera Control.csproj", "{EFC480DE-4E55-4F2C-A4D7-DDB42DD2816B}"
EndProject
Global
	GlobalSection(SolutionConfigurationPlatforms) = preSolution
		Debug|Any CPU = Debug|Any CPU
		Release|Any CPU = Release|Any CPU
	EndGlobalSection
	GlobalSection(ProjectConfigurationPlatforms) = postSolution
		{EFC480DE-4E55-4F2C-A4D7-DDB42DD2816B}.Debug|Any CPU.ActiveCfg = Debug|Any CPU
		{EFC480DE-4E55-4F2C-A4D7-DDB42DD2816B}.Debug|Any CPU.Build.0 = Debug|Any CPU
		{EFC480DE-4E55-4F2C-A4D7-DDB42DD2816B}.Release|Any CPU.ActiveCfg = Release|Any CPU
		{EFC480DE-4E55-4F2C-A4D7-DDB42DD2816B}.Release|Any CPU.Build.0 = Release|Any CPU
	EndGlobalSection
	GlobalSection(SolutionProperties) = preSolution
		HideSolutionNode = FALSE
	EndGlobalSection
	GlobalSection(ExtensibilityGlobals) = postSolution
		SolutionGuid = {519569BF-0B0A-4574-8380-352C75CD7BFD}
	EndGlobalSection
EndGlobal
